// !$*UTF8*$!
{
	archiveVersion = 1;
	classes = {
	};
	objectVersion = 46;
	objects = {

/* Begin PBXBuildFile section */
		2A0192CD1F3DAAB100F39133 /* TYMultiLineView.m in Sources */ = {isa = PBXBuildFile; fileRef = 2A0192CC1F3DAAB100F39133 /* TYMultiLineView.m */; };
		2A1F7F1C1F383713002DBA5F /* main.m in Sources */ = {isa = PBXBuildFile; fileRef = 2A1F7F1B1F383713002DBA5F /* main.m */; };
		2A1F7F1F1F383713002DBA5F /* AppDelegate.m in Sources */ = {isa = PBXBuildFile; fileRef = 2A1F7F1E1F383713002DBA5F /* AppDelegate.m */; };
		2A1F7F221F383713002DBA5F /* ViewController.m in Sources */ = {isa = PBXBuildFile; fileRef = 2A1F7F211F383713002DBA5F /* ViewController.m */; };
		2A1F7F251F383713002DBA5F /* Main.storyboard in Resources */ = {isa = PBXBuildFile; fileRef = 2A1F7F231F383713002DBA5F /* Main.storyboard */; };
		2A1F7F271F383713002DBA5F /* Assets.xcassets in Resources */ = {isa = PBXBuildFile; fileRef = 2A1F7F261F383713002DBA5F /* Assets.xcassets */; };
		2A1F7F2A1F383713002DBA5F /* LaunchScreen.storyboard in Resources */ = {isa = PBXBuildFile; fileRef = 2A1F7F281F383713002DBA5F /* LaunchScreen.storyboard */; };
		2A1F7F351F383713002DBA5F /* TYLineViewDemoTests.m in Sources */ = {isa = PBXBuildFile; fileRef = 2A1F7F341F383713002DBA5F /* TYLineViewDemoTests.m */; };
		2A1F7F401F383713002DBA5F /* TYLineViewDemoUITests.m in Sources */ = {isa = PBXBuildFile; fileRef = 2A1F7F3F1F383713002DBA5F /* TYLineViewDemoUITests.m */; };
		2A1F7F4F1F383735002DBA5F /* TYLineView.m in Sources */ = {isa = PBXBuildFile; fileRef = 2A1F7F4E1F383735002DBA5F /* TYLineView.m */; };
/* End PBXBuildFile section */

/* Begin PBXContainerItemProxy section */
		2A1F7F311F383713002DBA5F /* PBXContainerItemProxy */ = {
			isa = PBXContainerItemProxy;
			containerPortal = 2A1F7F0F1F383713002DBA5F /* Project object */;
			proxyType = 1;
			remoteGlobalIDString = 2A1F7F161F383713002DBA5F;
			remoteInfo = TYLineViewDemo;
		};
		2A1F7F3C1F383713002DBA5F /* PBXContainerItemProxy */ = {
			isa = PBXContainerItemProxy;
			containerPortal = 2A1F7F0F1F383713002DBA5F /* Project object */;
			proxyType = 1;
			remoteGlobalIDString = 2A1F7F161F383713002DBA5F;
			remoteInfo = TYLineViewDemo;
		};
/* End PBXContainerItemProxy section */

/* Begin PBXFileReference section */
		2A0192CB1F3DAAB100F39133 /* TYMultiLineView.h */ = {isa = PBXFileReference; fileEncoding = 4; lastKnownFileType = sourcecode.c.h; path = TYMultiLineView.h; sourceTree = "<group>"; };
		2A0192CC1F3DAAB100F39133 /* TYMultiLineView.m */ = {isa = PBXFileReference; fileEncoding = 4; lastKnownFileType = sourcecode.c.objc; path = TYMultiLineView.m; sourceTree = "<group>"; };
		2A1F7F171F383713002DBA5F /* TYLineViewDemo.app */ = {isa = PBXFileReference; explicitFileType = wrapper.application; includeInIndex = 0; path = TYLineViewDemo.app; sourceTree = BUILT_PRODUCTS_DIR; };
		2A1F7F1B1F383713002DBA5F /* main.m */ = {isa = PBXFileReference; lastKnownFileType = sourcecode.c.objc; path = main.m; sourceTree = "<group>"; };
		2A1F7F1D1F383713002DBA5F /* AppDelegate.h */ = {isa = PBXFileReference; lastKnownFileType = sourcecode.c.h; path = AppDelegate.h; sourceTree = "<group>"; };
		2A1F7F1E1F383713002DBA5F /* AppDelegate.m */ = {isa = PBXFileReference; lastKnownFileType = sourcecode.c.objc; path = AppDelegate.m; sourceTree = "<group>"; };
		2A1F7F201F383713002DBA5F /* ViewController.h */ = {isa = PBXFileReference; lastKnownFileType = sourcecode.c.h; path = ViewController.h; sourceTree = "<group>"; };
		2A1F7F211F383713002DBA5F /* ViewController.m */ = {isa = PBXFileReference; lastKnownFileType = sourcecode.c.objc; path = ViewController.m; sourceTree = "<group>"; };
		2A1F7F241F383713002DBA5F /* Base */ = {isa = PBXFileReference; lastKnownFileType = file.storyboard; name = Base; path = Base.lproj/Main.storyboard; sourceTree = "<group>"; };
		2A1F7F261F383713002DBA5F /* Assets.xcassets */ = {isa = PBXFileReference; lastKnownFileType = folder.assetcatalog; path = Assets.xcassets; sourceTree = "<group>"; };
		2A1F7F291F383713002DBA5F /* Base */ = {isa = PBXFileReference; lastKnownFileType = file.storyboard; name = Base; path = Base.lproj/LaunchScreen.storyboard; sourceTree = "<group>"; };
		2A1F7F2B1F383713002DBA5F /* Info.plist */ = {isa = PBXFileReference; lastKnownFileType = text.plist.xml; path = Info.plist; sourceTree = "<group>"; };
		2A1F7F301F383713002DBA5F /* TYLineViewDemoTests.xctest */ = {isa = PBXFileReference; explicitFileType = wrapper.cfbundle; includeInIndex = 0; path = TYLineViewDemoTests.xctest; sourceTree = BUILT_PRODUCTS_DIR; };
		2A1F7F341F383713002DBA5F /* TYLineViewDemoTests.m */ = {isa = PBXFileReference; lastKnownFileType = sourcecode.c.objc; path = TYLineViewDemoTests.m; sourceTree = "<group>"; };
		2A1F7F361F383713002DBA5F /* Info.plist */ = {isa = PBXFileReference; lastKnownFileType = text.plist.xml; path = Info.plist; sourceTree = "<group>"; };
		2A1F7F3B1F383713002DBA5F /* TYLineViewDemoUITests.xctest */ = {isa = PBXFileReference; explicitFileType = wrapper.cfbundle; includeInIndex = 0; path = TYLineViewDemoUITests.xctest; sourceTree = BUILT_PRODUCTS_DIR; };
		2A1F7F3F1F383713002DBA5F /* TYLineViewDemoUITests.m */ = {isa = PBXFileReference; lastKnownFileType = sourcecode.c.objc; path = TYLineViewDemoUITests.m; sourceTree = "<group>"; };
		2A1F7F411F383714002DBA5F /* Info.plist */ = {isa = PBXFileReference; lastKnownFileType = text.plist.xml; path = Info.plist; sourceTree = "<group>"; };
		2A1F7F4D1F383735002DBA5F /* TYLineView.h */ = {isa = PBXFileReference; fileEncoding = 4; lastKnownFileType = sourcecode.c.h; path = TYLineView.h; sourceTree = "<group>"; };
		2A1F7F4E1F383735002DBA5F /* TYLineView.m */ = {isa = PBXFileReference; fileEncoding = 4; lastKnownFileType = sourcecode.c.objc; path = TYLineView.m; sourceTree = "<group>"; };
/* End PBXFileReference section */

/* Begin PBXFrameworksBuildPhase section */
		2A1F7F141F383713002DBA5F /* Frameworks */ = {
			isa = PBXFrameworksBuildPhase;
			buildActionMask = 2147483647;
			files = (
			);
			runOnlyForDeploymentPostprocessing = 0;
		};
		2A1F7F2D1F383713002DBA5F /* Frameworks */ = {
			isa = PBXFrameworksBuildPhase;
			buildActionMask = 2147483647;
			files = (
			);
			runOnlyForDeploymentPostprocessing = 0;
		};
		2A1F7F381F383713002DBA5F /* Frameworks */ = {
			isa = PBXFrameworksBuildPhase;
			buildActionMask = 2147483647;
			files = (
			);
			runOnlyForDeploymentPostprocessing = 0;
		};
/* End PBXFrameworksBuildPhase section */

/* Begin PBXGroup section */
		2A1F7F0E1F383713002DBA5F = {
			isa = PBXGroup;
			children = (
				2A1F7F191F383713002DBA5F /* TYLineViewDemo */,
				2A1F7F331F383713002DBA5F /* TYLineViewDemoTests */,
				2A1F7F3E1F383713002DBA5F /* TYLineViewDemoUITests */,
				2A1F7F181F383713002DBA5F /* Products */,
			);
			sourceTree = "<group>";
		};
		2A1F7F181F383713002DBA5F /* Products */ = {
			isa = PBXGroup;
			children = (
				2A1F7F171F383713002DBA5F /* TYLineViewDemo.app */,
				2A1F7F301F383713002DBA5F /* TYLineViewDemoTests.xctest */,
				2A1F7F3B1F383713002DBA5F /* TYLineViewDemoUITests.xctest */,
			);
			name = Products;
			sourceTree = "<group>";
		};
		2A1F7F191F383713002DBA5F /* TYLineViewDemo */ = {
			isa = PBXGroup;
			children = (
				2A1F7F1D1F383713002DBA5F /* AppDelegate.h */,
				2A1F7F1E1F383713002DBA5F /* AppDelegate.m */,
				2A1F7F4D1F383735002DBA5F /* TYLineView.h */,
				2A1F7F4E1F383735002DBA5F /* TYLineView.m */,
				2A0192CB1F3DAAB100F39133 /* TYMultiLineView.h */,
				2A0192CC1F3DAAB100F39133 /* TYMultiLineView.m */,
				2A1F7F201F383713002DBA5F /* ViewController.h */,
				2A1F7F211F383713002DBA5F /* ViewController.m */,
				2A1F7F231F383713002DBA5F /* Main.storyboard */,
				2A1F7F261F383713002DBA5F /* Assets.xcassets */,
				2A1F7F281F383713002DBA5F /* LaunchScreen.storyboard */,
				2A1F7F2B1F383713002DBA5F /* Info.plist */,
				2A1F7F1A1F383713002DBA5F /* Supporting Files */,
			);
			path = TYLineViewDemo;
			sourceTree = "<group>";
		};
		2A1F7F1A1F383713002DBA5F /* Supporting Files */ = {
			isa = PBXGroup;
			children = (
				2A1F7F1B1F383713002DBA5F /* main.m */,
			);
			name = "Supporting Files";
			sourceTree = "<group>";
		};
		2A1F7F331F383713002DBA5F /* TYLineViewDemoTests */ = {
			isa = PBXGroup;
			children = (
				2A1F7F341F383713002DBA5F /* TYLineViewDemoTests.m */,
				2A1F7F361F383713002DBA5F /* Info.plist */,
			);
			path = TYLineViewDemoTests;
			sourceTree = "<group>";
		};
		2A1F7F3E1F383713002DBA5F /* TYLineViewDemoUITests */ = {
			isa = PBXGroup;
			children = (
				2A1F7F3F1F383713002DBA5F /* TYLineViewDemoUITests.m */,
				2A1F7F411F383714002DBA5F /* Info.plist */,
			);
			path = TYLineViewDemoUITests;
			sourceTree = "<group>";
		};
/* End PBXGroup section */

/* Begin PBXNativeTarget section */
		2A1F7F161F383713002DBA5F /* TYLineViewDemo */ = {
			isa = PBXNativeTarget;
			buildConfigurationList = 2A1F7F441F383714002DBA5F /* Build configuration list for PBXNativeTarget "TYLineViewDemo" */;
			buildPhases = (
				2A1F7F131F383713002DBA5F /* Sources */,
				2A1F7F141F383713002DBA5F /* Frameworks */,
				2A1F7F151F383713002DBA5F /* Resources */,
			);
			buildRules = (
			);
			dependencies = (
			);
			name = TYLineViewDemo;
			productName = TYLineViewDemo;
			productReference = 2A1F7F171F383713002DBA5F /* TYLineViewDemo.app */;
			productType = "com.apple.product-type.application";
		};
		2A1F7F2F1F383713002DBA5F /* TYLineViewDemoTests */ = {
			isa = PBXNativeTarget;
			buildConfigurationList = 2A1F7F471F383714002DBA5F /* Build configuration list for PBXNativeTarget "TYLineViewDemoTests" */;
			buildPhases = (
				2A1F7F2C1F383713002DBA5F /* Sources */,
				2A1F7F2D1F383713002DBA5F /* Frameworks */,
				2A1F7F2E1F383713002DBA5F /* Resources */,
			);
			buildRules = (
			);
			dependencies = (
				2A1F7F321F383713002DBA5F /* PBXTargetDependency */,
			);
			name = TYLineViewDemoTests;
			productName = TYLineViewDemoTests;
			productReference = 2A1F7F301F383713002DBA5F /* TYLineViewDemoTests.xctest */;
			productType = "com.apple.product-type.bundle.unit-test";
		};
		2A1F7F3A1F383713002DBA5F /* TYLineViewDemoUITests */ = {
			isa = PBXNativeTarget;
			buildConfigurationList = 2A1F7F4A1F383714002DBA5F /* Build configuration list for PBXNativeTarget "TYLineViewDemoUITests" */;
			buildPhases = (
				2A1F7F371F383713002DBA5F /* Sources */,
				2A1F7F381F383713002DBA5F /* Frameworks */,
				2A1F7F391F383713002DBA5F /* Resources */,
			);
			buildRules = (
			);
			dependencies = (
				2A1F7F3D1F383713002DBA5F /* PBXTargetDependency */,
			);
			name = TYLineViewDemoUITests;
			productName = TYLineViewDemoUITests;
			productReference = 2A1F7F3B1F383713002DBA5F /* TYLineViewDemoUITests.xctest */;
			productType = "com.apple.product-type.bundle.ui-testing";
		};
/* End PBXNativeTarget section */

/* Begin PBXProject section */
		2A1F7F0F1F383713002DBA5F /* Project object */ = {
			isa = PBXProject;
			attributes = {
				LastUpgradeCheck = 0830;
				ORGANIZATIONNAME = LOVEGO;
				TargetAttributes = {
					2A1F7F161F383713002DBA5F = {
						CreatedOnToolsVersion = 8.3.3;
						DevelopmentTeam = 3LUWQN5MUM;
						ProvisioningStyle = Automatic;
					};
					2A1F7F2F1F383713002DBA5F = {
						CreatedOnToolsVersion = 8.3.3;
						ProvisioningStyle = Automatic;
						TestTargetID = 2A1F7F161F383713002DBA5F;
					};
					2A1F7F3A1F383713002DBA5F = {
						CreatedOnToolsVersion = 8.3.3;
						ProvisioningStyle = Automatic;
						TestTargetID = 2A1F7F161F383713002DBA5F;
					};
				};
			};
			buildConfigurationList = 2A1F7F121F383713002DBA5F /* Build configuration list for PBXProject "TYLineViewDemo" */;
			compatibilityVersion = "Xcode 3.2";
			developmentRegion = English;
			hasScannedForEncodings = 0;
			knownRegions = (
				en,
				Base,
			);
			mainGroup = 2A1F7F0E1F383713002DBA5F;
			productRefGroup = 2A1F7F181F383713002DBA5F /* Products */;
			projectDirPath = "";
			projectRoot = "";
			targets = (
				2A1F7F161F383713002DBA5F /* TYLineViewDemo */,
				2A1F7F2F1F383713002DBA5F /* TYLineViewDemoTests */,
				2A1F7F3A1F383713002DBA5F /* TYLineViewDemoUITests */,
			);
		};
/* End PBXProject section */

/* Begin PBXResourcesBuildPhase section */
		2A1F7F151F383713002DBA5F /* Resources */ = {
			isa = PBXResourcesBuildPhase;
			buildActionMask = 2147483647;
			files = (
				2A1F7F2A1F383713002DBA5F /* LaunchScreen.storyboard in Resources */,
				2A1F7F271F383713002DBA5F /* Assets.xcassets in Resources */,
				2A1F7F251F383713002DBA5F /* Main.storyboard in Resources */,
			);
			runOnlyForDeploymentPostprocessing = 0;
		};
		2A1F7F2E1F383713002DBA5F /* Resources */ = {
			isa = PBXResourcesBuildPhase;
			buildActionMask = 2147483647;
			files = (
			);
			runOnlyForDeploymentPostprocessing = 0;
		};
		2A1F7F391F383713002DBA5F /* Resources */ = {
			isa = PBXResourcesBuildPhase;
			buildActionMask = 2147483647;
			files = (
			);
			runOnlyForDeploymentPostprocessing = 0;
		};
/* End PBXResourcesBuildPhase section */

/* Begin PBXSourcesBuildPhase section */
		2A1F7F131F383713002DBA5F /* Sources */ = {
			isa = PBXSourcesBuildPhase;
			buildActionMask = 2147483647;
			files = (
				2A1F7F221F383713002DBA5F /* ViewController.m in Sources */,
				2A1F7F1F1F383713002DBA5F /* AppDelegate.m in Sources */,
				2A1F7F1C1F383713002DBA5F /* main.m in Sources */,
				2A1F7F4F1F383735002DBA5F /* TYLineView.m in Sources */,
				2A0192CD1F3DAAB100F39133 /* TYMultiLineView.m in Sources */,
			);
			runOnlyForDeploymentPostprocessing = 0;
		};
		2A1F7F2C1F383713002DBA5F /* Sources */ = {
			isa = PBXSourcesBuildPhase;
			buildActionMask = 2147483647;
			files = (
				2A1F7F351F383713002DBA5F /* TYLineViewDemoTests.m in Sources */,
			);
			runOnlyForDeploymentPostprocessing = 0;
		};
		2A1F7F371F383713002DBA5F /* Sources */ = {
			isa = PBXSourcesBuildPhase;
			buildActionMask = 2147483647;
			files = (
				2A1F7F401F383713002DBA5F /* TYLineViewDemoUITests.m in Sources */,
			);
			runOnlyForDeploymentPostprocessing = 0;
		};
/* End PBXSourcesBuildPhase section */

/* Begin PBXTargetDependency section */
		2A1F7F321F383713002DBA5F /* PBXTargetDependency */ = {
			isa = PBXTargetDependency;
			target = 2A1F7F161F383713002DBA5F /* TYLineViewDemo */;
			targetProxy = 2A1F7F311F383713002DBA5F /* PBXContainerItemProxy */;
		};
		2A1F7F3D1F383713002DBA5F /* PBXTargetDependency */ = {
			isa = PBXTargetDependency;
			target = 2A1F7F161F383713002DBA5F /* TYLineViewDemo */;
			targetProxy = 2A1F7F3C1F383713002DBA5F /* PBXContainerItemProxy */;
		};
/* End PBXTargetDependency section */

/* Begin PBXVariantGroup section */
		2A1F7F231F383713002DBA5F /* Main.storyboard */ = {
			isa = PBXVariantGroup;
			children = (
				2A1F7F241F383713002DBA5F /* Base */,
			);
			name = Main.storyboard;
			sourceTree = "<group>";
		};
		2A1F7F281F383713002DBA5F /* LaunchScreen.storyboard */ = {
			isa = PBXVariantGroup;
			children = (
				2A1F7F291F383713002DBA5F /* Base */,
			);
			name = LaunchScreen.storyboard;
			sourceTree = "<group>";
		};
/* End PBXVariantGroup section */

/* Begin XCBuildConfiguration section */
		2A1F7F421F383714002DBA5F /* Debug */ = {
			isa = XCBuildConfiguration;
			buildSettings = {
				ALWAYS_SEARCH_USER_PATHS = NO;
				CLANG_ANALYZER_NONNULL = YES;
				CLANG_ANALYZER_NUMBER_OBJECT_CONVERSION = YES_AGGRESSIVE;
				CLANG_CXX_LANGUAGE_STANDARD = "gnu++0x";
				CLANG_CXX_LIBRARY = "libc++";
				CLANG_ENABLE_MODULES = YES;
				CLANG_ENABLE_OBJC_ARC = YES;
				CLANG_WARN_BOOL_CONVERSION = YES;
				CLANG_WARN_CONSTANT_CONVERSION = YES;
				CLANG_WARN_DIRECT_OBJC_ISA_USAGE = YES_ERROR;
				CLANG_WARN_DOCUMENTATION_COMMENTS = YES;
				CLANG_WARN_EMPTY_BODY = YES;
				CLANG_WARN_ENUM_CONVERSION = YES;
				CLANG_WARN_INFINITE_RECURSION = YES;
				CLANG_WARN_INT_CONVERSION = YES;
				CLANG_WARN_OBJC_ROOT_CLASS = YES_ERROR;
				CLANG_WARN_SUSPICIOUS_MOVE = YES;
				CLANG_WARN_UNREACHABLE_CODE = YES;
				CLANG_WARN__DUPLICATE_METHOD_MATCH = YES;
				"CODE_SIGN_IDENTITY[sdk=iphoneos*]" = "iPhone Developer";
				COPY_PHASE_STRIP = NO;
				DEBUG_INFORMATION_FORMAT = dwarf;
				ENABLE_STRICT_OBJC_MSGSEND = YES;
				ENABLE_TESTABILITY = YES;
				GCC_C_LANGUAGE_STANDARD = gnu99;
				GCC_DYNAMIC_NO_PIC = NO;
				GCC_NO_COMMON_BLOCKS = YES;
				GCC_OPTIMIZATION_LEVEL = 0;
				GCC_PREPROCESSOR_DEFINITIONS = (
					"DEBUG=1",
					"$(inherited)",
				);
				GCC_WARN_64_TO_32_BIT_CONVERSION = YES;
				GCC_WARN_ABOUT_RETURN_TYPE = YES_ERROR;
				GCC_WARN_UNDECLARED_SELECTOR = YES;
				GCC_WARN_UNINITIALIZED_AUTOS = YES_AGGRESSIVE;
				GCC_WARN_UNUSED_FUNCTION = YES;
				GCC_WARN_UNUSED_VARIABLE = YES;
				IPHONEOS_DEPLOYMENT_TARGET = 10.3;
				MTL_ENABLE_DEBUG_INFO = YES;
				ONLY_ACTIVE_ARCH = YES;
				SDKROOT = iphoneos;
			};
			name = Debug;
		};
		2A1F7F431F383714002DBA5F /* Release */ = {
			isa = XCBuildConfiguration;
			buildSettings = {
				ALWAYS_SEARCH_USER_PATHS = NO;
				CLANG_ANALYZER_NONNULL = YES;
				CLANG_ANALYZER_NUMBER_OBJECT_CONVERSION = YES_AGGRESSIVE;
				CLANG_CXX_LANGUAGE_STANDARD = "gnu++0x";
				CLANG_CXX_LIBRARY = "libc++";
				CLANG_ENABLE_MODULES = YES;
				CLANG_ENABLE_OBJC_ARC = YES;
				CLANG_WARN_BOOL_CONVERSION = YES;
				CLANG_WARN_CONSTANT_CONVERSION = YES;
				CLANG_WARN_DIRECT_OBJC_ISA_USAGE = YES_ERROR;
				CLANG_WARN_DOCUMENTATION_COMMENTS = YES;
				CLANG_WARN_EMPTY_BODY = YES;
				CLANG_WARN_ENUM_CONVERSION = YES;
				CLANG_WARN_INFINITE_RECURSION = YES;
				CLANG_WARN_INT_CONVERSION = YES;
				CLANG_WARN_OBJC_ROOT_CLASS = YES_ERROR;
				CLANG_WARN_SUSPICIOUS_MOVE = YES;
				CLANG_WARN_UNREACHABLE_CODE = YES;
				CLANG_WARN__DUPLICATE_METHOD_MATCH = YES;
				"CODE_SIGN_IDENTITY[sdk=iphoneos*]" = "iPhone Developer";
				COPY_PHASE_STRIP = NO;
				DEBUG_INFORMATION_FORMAT = "dwarf-with-dsym";
				ENABLE_NS_ASSERTIONS = NO;
				ENABLE_STRICT_OBJC_MSGSEND = YES;
				GCC_C_LANGUAGE_STANDARD = gnu99;
				GCC_NO_COMMON_BLOCKS = YES;
				GCC_WARN_64_TO_32_BIT_CONVERSION = YES;
				GCC_WARN_ABOUT_RETURN_TYPE = YES_ERROR;
				GCC_WARN_UNDECLARED_SELECTOR = YES;
				GCC_WARN_UNINITIALIZED_AUTOS = YES_AGGRESSIVE;
				GCC_WARN_UNUSED_FUNCTION = YES;
				GCC_WARN_UNUSED_VARIABLE = YES;
				IPHONEOS_DEPLOYMENT_TARGET = 10.3;
				MTL_ENABLE_DEBUG_INFO = NO;
				SDKROOT = iphoneos;
				VALIDATE_PRODUCT = YES;
			};
			name = Release;
		};
		2A1F7F451F383714002DBA5F /* Debug */ = {
			isa = XCBuildConfiguration;
			buildSettings = {
				ASSETCATALOG_COMPILER_APPICON_NAME = AppIcon;
				DEVELOPMENT_TEAM = 3LUWQN5MUM;
				INFOPLIST_FILE = TYLineViewDemo/Info.plist;
				IPHONEOS_DEPLOYMENT_TARGET = 9.1;
				LD_RUNPATH_SEARCH_PATHS = "$(inherited) @executable_path/Frameworks";
				PRODUCT_BUNDLE_IDENTIFIER = com.lovego.TYLineViewDemo;
				PRODUCT_NAME = "$(TARGET_NAME)";
			};
			name = Debug;
		};
		2A1F7F461F383714002DBA5F /* Release */ = {
			isa = XCBuildConfiguration;
			buildSettings = {
				ASSETCATALOG_COMPILER_APPICON_NAME = AppIcon;
				DEVELOPMENT_TEAM = 3LUWQN5MUM;
				INFOPLIST_FILE = TYLineViewDemo/Info.plist;
				IPHONEOS_DEPLOYMENT_TARGET = 9.1;
				LD_RUNPATH_SEARCH_PATHS = "$(inherited) @executable_path/Frameworks";
				PRODUCT_BUNDLE_IDENTIFIER = com.lovego.TYLineViewDemo;
				PRODUCT_NAME = "$(TARGET_NAME)";
			};
			name = Release;
		};
		2A1F7F481F383714002DBA5F /* Debug */ = {
			isa = XCBuildConfiguration;
			buildSettings = {
				BUNDLE_LOADER = "$(TEST_HOST)";
				INFOPLIST_FILE = TYLineViewDemoTests/Info.plist;
				LD_RUNPATH_SEARCH_PATHS = "$(inherited) @executable_path/Frameworks @loader_path/Frameworks";
				PRODUCT_BUNDLE_IDENTIFIER = com.lovego.TYLineViewDemoTests;
				PRODUCT_NAME = "$(TARGET_NAME)";
				TEST_HOST = "$(BUILT_PRODUCTS_DIR)/TYLineViewDemo.app/TYLineViewDemo";
			};
			name = Debug;
		};
		2A1F7F491F383714002DBA5F /* Release */ = {
			isa = XCBuildConfiguration;
			buildSettings = {
				BUNDLE_LOADER = "$(TEST_HOST)";
				INFOPLIST_FILE = TYLineViewDemoTests/Info.plist;
				LD_RUNPATH_SEARCH_PATHS = "$(inherited) @executable_path/Frameworks @loader_path/Frameworks";
				PRODUCT_BUNDLE_IDENTIFIER = com.lovego.TYLineViewDemoTests;
				PRODUCT_NAME = "$(TARGET_NAME)";
				TEST_HOST = "$(BUILT_PRODUCTS_DIR)/TYLineViewDemo.app/TYLineViewDemo";
			};
			name = Release;
		};
		2A1F7F4B1F383714002DBA5F /* Debug */ = {
			isa = XCBuildConfiguration;
			buildSettings = {
				INFOPLIST_FILE = TYLineViewDemoUITests/Info.plist;
				LD_RUNPATH_SEARCH_PATHS = "$(inherited) @executable_path/Frameworks @loader_path/Frameworks";
				PRODUCT_BUNDLE_IDENTIFIER = com.lovego.TYLineViewDemoUITests;
				PRODUCT_NAME = "$(TARGET_NAME)";
				TEST_TARGET_NAME = TYLineViewDemo;
			};
			name = Debug;
		};
		2A1F7F4C1F383714002DBA5F /* Release */ = {
			isa = XCBuildConfiguration;
			buildSettings = {
				INFOPLIST_FILE = TYLineViewDemoUITests/Info.plist;
				LD_RUNPATH_SEARCH_PATHS = "$(inherited) @executable_path/Frameworks @loader_path/Frameworks";
				PRODUCT_BUNDLE_IDENTIFIER = com.lovego.TYLineViewDemoUITests;
				PRODUCT_NAME = "$(TARGET_NAME)";
				TEST_TARGET_NAME = TYLineViewDemo;
			};
			name = Release;
		};
/* End XCBuildConfiguration section */

/* Begin XCConfigurationList section */
		2A1F7F121F383713002DBA5F /* Build configuration list for PBXProject "TYLineViewDemo" */ = {
			isa = XCConfigurationList;
			buildConfigurations = (
				2A1F7F421F383714002DBA5F /* Debug */,
				2A1F7F431F383714002DBA5F /* Release */,
			);
			defaultConfigurationIsVisible = 0;
			defaultConfigurationName = Release;
		};
		2A1F7F441F383714002DBA5F /* Build configuration list for PBXNativeTarget "TYLineViewDemo" */ = {
			isa = XCConfigurationList;
			buildConfigurations = (
				2A1F7F451F383714002DBA5F /* Debug */,
				2A1F7F461F383714002DBA5F /* Release */,
			);
			defaultConfigurationIsVisible = 0;
			defaultConfigurationName = Release;
		};
		2A1F7F471F383714002DBA5F /* Build configuration list for PBXNativeTarget "TYLineViewDemoTests" */ = {
			isa = XCConfigurationList;
			buildConfigurations = (
				2A1F7F481F383714002DBA5F /* Debug */,
				2A1F7F491F383714002DBA5F /* Release */,
			);
			defaultConfigurationIsVisible = 0;
			defaultConfigurationName = Release;
		};
		2A1F7F4A1F383714002DBA5F /* Build configuration list for PBXNativeTarget "TYLineViewDemoUITests" */ = {
			isa = XCConfigurationList;
			buildConfigurations = (
				2A1F7F4B1F383714002DBA5F /* Debug */,
				2A1F7F4C1F383714002DBA5F /* Release */,
			);
			defaultConfigurationIsVisible = 0;
			defaultConfigurationName = Release;
		};
/* End XCConfigurationList section */
	};
	rootObject = 2A1F7F0F1F383713002DBA5F /* Project object */;
}
